
Microsoft Visual Studio Solution File, Format Version 12.00
# Visual Studio Version 16
VisualStudioVersion = 16.0.32929.386
MinimumVisualStudioVersion = 10.0.40219.1
Project("{FAE04EC0-301F-11D3-BF4B-00C04F79EFBC}") = "MVSGarden", "MVSGarden\MVSGarden.csproj", "{824573A3-1506-4D54-8B01-75980E73D57C}"
EndProject
Global
	GlobalSection(SolutionConfigurationPlatforms) = preSolution
		Debug|Any CPU = Debug|Any CPU
		Release|Any CPU = Release|Any CPU
	EndGlobalSection
	GlobalSection(ProjectConfigurationPlatforms) = postSolution
		{824573A3-1506-4D54-8B01-75980E73D57C}.Debug|Any CPU.ActiveCfg = Debug|Any CPU
		{824573A3-1506-4D54-8B01-75980E73D57C}.Debug|Any CPU.Build.0 = Debug|Any CPU
		{824573A3-1506-4D54-8B01-75980E73D57C}.Release|Any CPU.ActiveCfg = Release|Any CPU
		{824573A3-1506-4D54-8B01-75980E73D57C}.Release|Any CPU.Build.0 = Release|Any CPU
	EndGlobalSection
	GlobalSection(SolutionProperties) = preSolution
		HideSolutionNode = FALSE
	EndGlobalSection
	GlobalSection(ExtensibilityGlobals) = postSolution
		SolutionGuid = {08CA9648-88F4-44E2-86B3-D8FF8B95AC9E}
	EndGlobalSection
EndGlobal
